// !$*UTF8*$!
{
	archiveVersion = 1;
	classes = {
	};
	objectVersion = 56;
	objects = {

/* Begin PBXBuildFile section */
		060B3B932C11CEDC00983A99 /* Match Home View.swift in Sources */ = {isa = PBXBuildFile; fileRef = 060B3B922C11CEDC00983A99 /* Match Home View.swift */; };
		060B3B952C11D15200983A99 /* Category_View.swift in Sources */ = {isa = PBXBuildFile; fileRef = 060B3B942C11D15200983A99 /* Category_View.swift */; };
		060B3B972C11F03500983A99 /* TvBrowse.swift in Sources */ = {isa = PBXBuildFile; fileRef = 060B3B962C11F03500983A99 /* TvBrowse.swift */; };
		060B3B992C11F99000983A99 /* tvMatchView.swift in Sources */ = {isa = PBXBuildFile; fileRef = 060B3B982C11F99000983A99 /* tvMatchView.swift */; };
		06593DD32C0F1A2200CD8EC8 /* MovieBrowse.swift in Sources */ = {isa = PBXBuildFile; fileRef = 06593DD22C0F1A2200CD8EC8 /* MovieBrowse.swift */; };
		06593DD52C0F84F300CD8EC8 /* IntroductionView.swift in Sources */ = {isa = PBXBuildFile; fileRef = 06593DD42C0F84F300CD8EC8 /* IntroductionView.swift */; };
		067784F22C0E4ED900032942 /* OnboardingView.swift in Sources */ = {isa = PBXBuildFile; fileRef = 067784F12C0E4ED900032942 /* OnboardingView.swift */; };
		067784F52C0E506C00032942 /* OnBoardingPage1.swift in Sources */ = {isa = PBXBuildFile; fileRef = 067784F42C0E506C00032942 /* OnBoardingPage1.swift */; };
		067784F72C0E508000032942 /* OnBoardingPage2.swift in Sources */ = {isa = PBXBuildFile; fileRef = 067784F62C0E508000032942 /* OnBoardingPage2.swift */; };
		067784F92C0E509000032942 /* OnBoardingPage3.swift in Sources */ = {isa = PBXBuildFile; fileRef = 067784F82C0E509000032942 /* OnBoardingPage3.swift */; };
		067784FB2C0E5A8F00032942 /* FeatureView.swift in Sources */ = {isa = PBXBuildFile; fileRef = 067784FA2C0E5A8F00032942 /* FeatureView.swift */; };
		069BC9C72C0CF8F300A63DF1 /* Friend.swift in Sources */ = {isa = PBXBuildFile; fileRef = 069BC9C62C0CF8F300A63DF1 /* Friend.swift */; };
		069BC9C92C0CF91600A63DF1 /* FriendRequest.swift in Sources */ = {isa = PBXBuildFile; fileRef = 069BC9C82C0CF91600A63DF1 /* FriendRequest.swift */; };
		069BC9CB2C0CF94900A63DF1 /* FriendRequestSystem.swift in Sources */ = {isa = PBXBuildFile; fileRef = 069BC9CA2C0CF94900A63DF1 /* FriendRequestSystem.swift */; };
		069BC9CD2C0CFC5A00A63DF1 /* FriendView.swift in Sources */ = {isa = PBXBuildFile; fileRef = 069BC9CC2C0CFC5900A63DF1 /* FriendView.swift */; };
		069BC9CF2C0D00B000A63DF1 /* MainView.swift in Sources */ = {isa = PBXBuildFile; fileRef = 069BC9CE2C0D00B000A63DF1 /* MainView.swift */; };
		06AB7F6E2C0B37C100459A9E /* Media_MatchApp.swift in Sources */ = {isa = PBXBuildFile; fileRef = 06AB7F6D2C0B37C100459A9E /* Media_MatchApp.swift */; };
		06AB7F722C0B37C100459A9E /* Assets.xcassets in Resources */ = {isa = PBXBuildFile; fileRef = 06AB7F712C0B37C100459A9E /* Assets.xcassets */; };
		06AB7F752C0B37C100459A9E /* Preview Assets.xcassets in Resources */ = {isa = PBXBuildFile; fileRef = 06AB7F742C0B37C100459A9E /* Preview Assets.xcassets */; };
		06AB7F7F2C0B37C200459A9E /* Media_MatchTests.swift in Sources */ = {isa = PBXBuildFile; fileRef = 06AB7F7E2C0B37C200459A9E /* Media_MatchTests.swift */; };
		06AB7F892C0B37C200459A9E /* Media_MatchUITests.swift in Sources */ = {isa = PBXBuildFile; fileRef = 06AB7F882C0B37C200459A9E /* Media_MatchUITests.swift */; };
		06AB7F8B2C0B37C200459A9E /* Media_MatchUITestsLaunchTests.swift in Sources */ = {isa = PBXBuildFile; fileRef = 06AB7F8A2C0B37C200459A9E /* Media_MatchUITestsLaunchTests.swift */; };
		06AB7F982C0B385A00459A9E /* GoogleService-Info.plist in Resources */ = {isa = PBXBuildFile; fileRef = 06AB7F972C0B385A00459A9E /* GoogleService-Info.plist */; };
		06AB7F9B2C0B397A00459A9E /* FirebaseAnalytics in Frameworks */ = {isa = PBXBuildFile; productRef = 06AB7F9A2C0B397A00459A9E /* FirebaseAnalytics */; };
		06AB7F9D2C0B397A00459A9E /* FirebaseAnalyticsSwift in Frameworks */ = {isa = PBXBuildFile; productRef = 06AB7F9C2C0B397A00459A9E /* FirebaseAnalyticsSwift */; };
		06AB7F9F2C0B3A4F00459A9E /* FirebaseAuth in Frameworks */ = {isa = PBXBuildFile; productRef = 06AB7F9E2C0B3A4F00459A9E /* FirebaseAuth */; };
		06AB7FA12C0B3A4F00459A9E /* FirebaseCrashlytics in Frameworks */ = {isa = PBXBuildFile; productRef = 06AB7FA02C0B3A4F00459A9E /* FirebaseCrashlytics */; };
		06AB7FA32C0B3AF700459A9E /* FirebaseAnalyticsOnDeviceConversion in Frameworks */ = {isa = PBXBuildFile; productRef = 06AB7FA22C0B3AF700459A9E /* FirebaseAnalyticsOnDeviceConversion */; };
		06AB7FA62C0B3CD400459A9E /* GoogleSignIn in Frameworks */ = {isa = PBXBuildFile; productRef = 06AB7FA52C0B3CD400459A9E /* GoogleSignIn */; };
		06AB7FA82C0B3CD400459A9E /* GoogleSignInSwift in Frameworks */ = {isa = PBXBuildFile; productRef = 06AB7FA72C0B3CD400459A9E /* GoogleSignInSwift */; };
		06AB7FAD2C0B456300459A9E /* FirebaseAuthCombine-Community in Frameworks */ = {isa = PBXBuildFile; productRef = 06AB7FAC2C0B456300459A9E /* FirebaseAuthCombine-Community */; };
		06AB7FAF2C0B481400459A9E /* WelcomeView.swift in Sources */ = {isa = PBXBuildFile; fileRef = 06AB7FAE2C0B481400459A9E /* WelcomeView.swift */; };
		06AB7FB12C0B490600459A9E /* HomeView.swift in Sources */ = {isa = PBXBuildFile; fileRef = 06AB7FB02C0B490600459A9E /* HomeView.swift */; };
		06AB7FB32C0B493500459A9E /* StartView.swift in Sources */ = {isa = PBXBuildFile; fileRef = 06AB7FB22C0B493500459A9E /* StartView.swift */; };
		06AB7FB52C0B49AC00459A9E /* AuthService.swift in Sources */ = {isa = PBXBuildFile; fileRef = 06AB7FB42C0B49AC00459A9E /* AuthService.swift */; };
		06AB7FB72C0B4A2500459A9E /* LoginView.swift in Sources */ = {isa = PBXBuildFile; fileRef = 06AB7FB62C0B4A2500459A9E /* LoginView.swift */; };
		06AB7FBA2C0B735000459A9E /* passwordResetView.swift in Sources */ = {isa = PBXBuildFile; fileRef = 06AB7FB92C0B735000459A9E /* passwordResetView.swift */; };
		06B255932C0C749B0072D628 /* FirebaseFirestore in Frameworks */ = {isa = PBXBuildFile; productRef = 06B255922C0C749B0072D628 /* FirebaseFirestore */; };
		06B255952C0C749B0072D628 /* FirebaseFirestoreSwift in Frameworks */ = {isa = PBXBuildFile; productRef = 06B255942C0C749B0072D628 /* FirebaseFirestoreSwift */; };
		06B255972C0C75F70072D628 /* UserProfile.swift in Sources */ = {isa = PBXBuildFile; fileRef = 06B255962C0C75F70072D628 /* UserProfile.swift */; };
		06B255992C0C76700072D628 /* UserProfileView.swift in Sources */ = {isa = PBXBuildFile; fileRef = 06B255982C0C76700072D628 /* UserProfileView.swift */; };
		06B2559B2C0C84F30072D628 /* FirebaseStorage in Frameworks */ = {isa = PBXBuildFile; productRef = 06B2559A2C0C84F30072D628 /* FirebaseStorage */; };
		06B2559E2C0C90350072D628 /* SDWebImageSwiftUI in Frameworks */ = {isa = PBXBuildFile; productRef = 06B2559D2C0C90350072D628 /* SDWebImageSwiftUI */; };
		06BC67D32C271D7000959C95 /* GoogleMobileAds in Frameworks */ = {isa = PBXBuildFile; productRef = 06BC67D22C271D7000959C95 /* GoogleMobileAds */; };
		06BC67D72C271F4B00959C95 /* bannerView.swift in Sources */ = {isa = PBXBuildFile; fileRef = 06BC67D62C271F4B00959C95 /* bannerView.swift */; };
		06C0D5F42C130DD700A16E64 /* AppearanceMode.swift in Sources */ = {isa = PBXBuildFile; fileRef = 06C0D5F32C130DD700A16E64 /* AppearanceMode.swift */; };
		06C0D5F62C1311C300A16E64 /* Network Monitor.swift in Sources */ = {isa = PBXBuildFile; fileRef = 06C0D5F52C1311C300A16E64 /* Network Monitor.swift */; };
		06C0D5F82C1311E200A16E64 /* NoInternetView.swift in Sources */ = {isa = PBXBuildFile; fileRef = 06C0D5F72C1311E200A16E64 /* NoInternetView.swift */; };
		06C0D5FA2C13129200A16E64 /* NoInternetOverlayModifier.swift in Sources */ = {isa = PBXBuildFile; fileRef = 06C0D5F92C13129200A16E64 /* NoInternetOverlayModifier.swift */; };
		06C7DD772C0E05AD0017601E /* MovieMatchView.swift in Sources */ = {isa = PBXBuildFile; fileRef = 06C7DD762C0E05AD0017601E /* MovieMatchView.swift */; };
/* End PBXBuildFile section */

/* Begin PBXContainerItemProxy section */
		06AB7F7B2C0B37C200459A9E /* PBXContainerItemProxy */ = {
			isa = PBXContainerItemProxy;
			containerPortal = 06AB7F622C0B37C100459A9E /* Project object */;
			proxyType = 1;
			remoteGlobalIDString = 06AB7F692C0B37C100459A9E;
			remoteInfo = "Media Match";
		};
		06AB7F852C0B37C200459A9E /* PBXContainerItemProxy */ = {
			isa = PBXContainerItemProxy;
			containerPortal = 06AB7F622C0B37C100459A9E /* Project object */;
			proxyType = 1;
			remoteGlobalIDString = 06AB7F692C0B37C100459A9E;
			remoteInfo = "Media Match";
		};
/* End PBXContainerItemProxy section */

/* Begin PBXFileReference section */
		060B3B922C11CEDC00983A99 /* Match Home View.swift */ = {isa = PBXFileReference; lastKnownFileType = sourcecode.swift; path = "Match Home View.swift"; sourceTree = "<group>"; };
		060B3B942C11D15200983A99 /* Category_View.swift */ = {isa = PBXFileReference; lastKnownFileType = sourcecode.swift; path = Category_View.swift; sourceTree = "<group>"; };
		060B3B962C11F03500983A99 /* TvBrowse.swift */ = {isa = PBXFileReference; lastKnownFileType = sourcecode.swift; path = TvBrowse.swift; sourceTree = "<group>"; };
		060B3B982C11F99000983A99 /* tvMatchView.swift */ = {isa = PBXFileReference; lastKnownFileType = sourcecode.swift; path = tvMatchView.swift; sourceTree = "<group>"; };
		06593DD22C0F1A2200CD8EC8 /* MovieBrowse.swift */ = {isa = PBXFileReference; lastKnownFileType = sourcecode.swift; path = MovieBrowse.swift; sourceTree = "<group>"; };
		06593DD42C0F84F300CD8EC8 /* IntroductionView.swift */ = {isa = PBXFileReference; lastKnownFileType = sourcecode.swift; path = IntroductionView.swift; sourceTree = "<group>"; };
		067784F12C0E4ED900032942 /* OnboardingView.swift */ = {isa = PBXFileReference; lastKnownFileType = sourcecode.swift; path = OnboardingView.swift; sourceTree = "<group>"; };
		067784F42C0E506C00032942 /* OnBoardingPage1.swift */ = {isa = PBXFileReference; lastKnownFileType = sourcecode.swift; path = OnBoardingPage1.swift; sourceTree = "<group>"; };
		067784F62C0E508000032942 /* OnBoardingPage2.swift */ = {isa = PBXFileReference; lastKnownFileType = sourcecode.swift; path = OnBoardingPage2.swift; sourceTree = "<group>"; };
		067784F82C0E509000032942 /* OnBoardingPage3.swift */ = {isa = PBXFileReference; lastKnownFileType = sourcecode.swift; path = OnBoardingPage3.swift; sourceTree = "<group>"; };
		067784FA2C0E5A8F00032942 /* FeatureView.swift */ = {isa = PBXFileReference; lastKnownFileType = sourcecode.swift; path = FeatureView.swift; sourceTree = "<group>"; };
		069BC9C62C0CF8F300A63DF1 /* Friend.swift */ = {isa = PBXFileReference; lastKnownFileType = sourcecode.swift; path = Friend.swift; sourceTree = "<group>"; };
		069BC9C82C0CF91600A63DF1 /* FriendRequest.swift */ = {isa = PBXFileReference; lastKnownFileType = sourcecode.swift; path = FriendRequest.swift; sourceTree = "<group>"; };
		069BC9CA2C0CF94900A63DF1 /* FriendRequestSystem.swift */ = {isa = PBXFileReference; lastKnownFileType = sourcecode.swift; path = FriendRequestSystem.swift; sourceTree = "<group>"; };
		069BC9CC2C0CFC5900A63DF1 /* FriendView.swift */ = {isa = PBXFileReference; lastKnownFileType = sourcecode.swift; path = FriendView.swift; sourceTree = "<group>"; };
		069BC9CE2C0D00B000A63DF1 /* MainView.swift */ = {isa = PBXFileReference; lastKnownFileType = sourcecode.swift; path = MainView.swift; sourceTree = "<group>"; };
		06AB7F6A2C0B37C100459A9E /* Media Match.app */ = {isa = PBXFileReference; explicitFileType = wrapper.application; includeInIndex = 0; path = "Media Match.app"; sourceTree = BUILT_PRODUCTS_DIR; };
		06AB7F6D2C0B37C100459A9E /* Media_MatchApp.swift */ = {isa = PBXFileReference; lastKnownFileType = sourcecode.swift; path = Media_MatchApp.swift; sourceTree = "<group>"; };
		06AB7F712C0B37C100459A9E /* Assets.xcassets */ = {isa = PBXFileReference; lastKnownFileType = folder.assetcatalog; path = Assets.xcassets; sourceTree = "<group>"; };
		06AB7F742C0B37C100459A9E /* Preview Assets.xcassets */ = {isa = PBXFileReference; lastKnownFileType = folder.assetcatalog; path = "Preview Assets.xcassets"; sourceTree = "<group>"; };
		06AB7F7A2C0B37C200459A9E /* Media MatchTests.xctest */ = {isa = PBXFileReference; explicitFileType = wrapper.cfbundle; includeInIndex = 0; path = "Media MatchTests.xctest"; sourceTree = BUILT_PRODUCTS_DIR; };
		06AB7F7E2C0B37C200459A9E /* Media_MatchTests.swift */ = {isa = PBXFileReference; lastKnownFileType = sourcecode.swift; path = Media_MatchTests.swift; sourceTree = "<group>"; };
		06AB7F842C0B37C200459A9E /* Media MatchUITests.xctest */ = {isa = PBXFileReference; explicitFileType = wrapper.cfbundle; includeInIndex = 0; path = "Media MatchUITests.xctest"; sourceTree = BUILT_PRODUCTS_DIR; };
		06AB7F882C0B37C200459A9E /* Media_MatchUITests.swift */ = {isa = PBXFileReference; lastKnownFileType = sourcecode.swift; path = Media_MatchUITests.swift; sourceTree = "<group>"; };
		06AB7F8A2C0B37C200459A9E /* Media_MatchUITestsLaunchTests.swift */ = {isa = PBXFileReference; lastKnownFileType = sourcecode.swift; path = Media_MatchUITestsLaunchTests.swift; sourceTree = "<group>"; };
		06AB7F972C0B385A00459A9E /* GoogleService-Info.plist */ = {isa = PBXFileReference; fileEncoding = 4; lastKnownFileType = text.plist.xml; name = "GoogleService-Info.plist"; path = "../../../../Downloads/GoogleService-Info.plist"; sourceTree = "<group>"; };
		06AB7FAE2C0B481400459A9E /* WelcomeView.swift */ = {isa = PBXFileReference; lastKnownFileType = sourcecode.swift; path = WelcomeView.swift; sourceTree = "<group>"; };
		06AB7FB02C0B490600459A9E /* HomeView.swift */ = {isa = PBXFileReference; lastKnownFileType = sourcecode.swift; path = HomeView.swift; sourceTree = "<group>"; };
		06AB7FB22C0B493500459A9E /* StartView.swift */ = {isa = PBXFileReference; lastKnownFileType = sourcecode.swift; path = StartView.swift; sourceTree = "<group>"; };
		06AB7FB42C0B49AC00459A9E /* AuthService.swift */ = {isa = PBXFileReference; lastKnownFileType = sourcecode.swift; path = AuthService.swift; sourceTree = "<group>"; };
		06AB7FB62C0B4A2500459A9E /* LoginView.swift */ = {isa = PBXFileReference; lastKnownFileType = sourcecode.swift; path = LoginView.swift; sourceTree = "<group>"; };
		06AB7FB92C0B735000459A9E /* passwordResetView.swift */ = {isa = PBXFileReference; lastKnownFileType = sourcecode.swift; path = passwordResetView.swift; sourceTree = "<group>"; };
		06B255962C0C75F70072D628 /* UserProfile.swift */ = {isa = PBXFileReference; lastKnownFileType = sourcecode.swift; path = UserProfile.swift; sourceTree = "<group>"; };
		06B255982C0C76700072D628 /* UserProfileView.swift */ = {isa = PBXFileReference; lastKnownFileType = sourcecode.swift; path = UserProfileView.swift; sourceTree = "<group>"; };
		06BC67D62C271F4B00959C95 /* bannerView.swift */ = {isa = PBXFileReference; lastKnownFileType = sourcecode.swift; path = bannerView.swift; sourceTree = "<group>"; };
		06C0D5F32C130DD700A16E64 /* AppearanceMode.swift */ = {isa = PBXFileReference; lastKnownFileType = sourcecode.swift; path = AppearanceMode.swift; sourceTree = "<group>"; };
		06C0D5F52C1311C300A16E64 /* Network Monitor.swift */ = {isa = PBXFileReference; lastKnownFileType = sourcecode.swift; path = "Network Monitor.swift"; sourceTree = "<group>"; };
		06C0D5F72C1311E200A16E64 /* NoInternetView.swift */ = {isa = PBXFileReference; lastKnownFileType = sourcecode.swift; path = NoInternetView.swift; sourceTree = "<group>"; };
		06C0D5F92C13129200A16E64 /* NoInternetOverlayModifier.swift */ = {isa = PBXFileReference; lastKnownFileType = sourcecode.swift; path = NoInternetOverlayModifier.swift; sourceTree = "<group>"; };
		06C7DD762C0E05AD0017601E /* MovieMatchView.swift */ = {isa = PBXFileReference; lastKnownFileType = sourcecode.swift; path = MovieMatchView.swift; sourceTree = "<group>"; };
/* End PBXFileReference section */

/* Begin PBXFrameworksBuildPhase section */
		06AB7F672C0B37C100459A9E /* Frameworks */ = {
			isa = PBXFrameworksBuildPhase;
			buildActionMask = 2147483647;
			files = (
				06B2559E2C0C90350072D628 /* SDWebImageSwiftUI in Frameworks */,
				06AB7F9D2C0B397A00459A9E /* FirebaseAnalyticsSwift in Frameworks */,
				06AB7FA12C0B3A4F00459A9E /* FirebaseCrashlytics in Frameworks */,
				06AB7FA82C0B3CD400459A9E /* GoogleSignInSwift in Frameworks */,
				06AB7FA32C0B3AF700459A9E /* FirebaseAnalyticsOnDeviceConversion in Frameworks */,
				06BC67D32C271D7000959C95 /* GoogleMobileAds in Frameworks */,
				06AB7F9F2C0B3A4F00459A9E /* FirebaseAuth in Frameworks */,
				06B255952C0C749B0072D628 /* FirebaseFirestoreSwift in Frameworks */,
				06B255932C0C749B0072D628 /* FirebaseFirestore in Frameworks */,
				06AB7F9B2C0B397A00459A9E /* FirebaseAnalytics in Frameworks */,
				06B2559B2C0C84F30072D628 /* FirebaseStorage in Frameworks */,
				06AB7FA62C0B3CD400459A9E /* GoogleSignIn in Frameworks */,
				06AB7FAD2C0B456300459A9E /* FirebaseAuthCombine-Community in Frameworks */,
			);
			runOnlyForDeploymentPostprocessing = 0;
		};
		06AB7F772C0B37C200459A9E /* Frameworks */ = {
			isa = PBXFrameworksBuildPhase;
			buildActionMask = 2147483647;
			files = (
			);
			runOnlyForDeploymentPostprocessing = 0;
		};
		06AB7F812C0B37C200459A9E /* Frameworks */ = {
			isa = PBXFrameworksBuildPhase;
			buildActionMask = 2147483647;
			files = (
			);
			runOnlyForDeploymentPostprocessing = 0;
		};
/* End PBXFrameworksBuildPhase section */

/* Begin PBXGroup section */
		060B3B912C11CEB800983A99 /* Match Views */ = {
			isa = PBXGroup;
			children = (
				06C7DD762C0E05AD0017601E /* MovieMatchView.swift */,
				060B3B922C11CEDC00983A99 /* Match Home View.swift */,
				060B3B942C11D15200983A99 /* Category_View.swift */,
				060B3B982C11F99000983A99 /* tvMatchView.swift */,
			);
			path = "Match Views";
			sourceTree = "<group>";
		};
		06593DCF2C0F18EA00CD8EC8 /* Browsing Views */ = {
			isa = PBXGroup;
			children = (
				06593DD22C0F1A2200CD8EC8 /* MovieBrowse.swift */,
				060B3B962C11F03500983A99 /* TvBrowse.swift */,
			);
			path = "Browsing Views";
			sourceTree = "<group>";
		};
		067784F32C0E504D00032942 /* OnBoarding */ = {
			isa = PBXGroup;
			children = (
				067784F12C0E4ED900032942 /* OnboardingView.swift */,
				067784F42C0E506C00032942 /* OnBoardingPage1.swift */,
				067784F62C0E508000032942 /* OnBoardingPage2.swift */,
				067784F82C0E509000032942 /* OnBoardingPage3.swift */,
				067784FA2C0E5A8F00032942 /* FeatureView.swift */,
			);
			path = OnBoarding;
			sourceTree = "<group>";
		};
		069BC9C52C0CF8D500A63DF1 /* Friend System */ = {
			isa = PBXGroup;
			children = (
				069BC9C62C0CF8F300A63DF1 /* Friend.swift */,
				069BC9C82C0CF91600A63DF1 /* FriendRequest.swift */,
				069BC9CA2C0CF94900A63DF1 /* FriendRequestSystem.swift */,
				069BC9CC2C0CFC5900A63DF1 /* FriendView.swift */,
			);
			path = "Friend System";
			sourceTree = "<group>";
		};
		06AB7F612C0B37C100459A9E = {
			isa = PBXGroup;
			children = (
				06BC67D62C271F4B00959C95 /* bannerView.swift */,
				06C0D5F92C13129200A16E64 /* NoInternetOverlayModifier.swift */,
				06C0D5F52C1311C300A16E64 /* Network Monitor.swift */,
				06C0D5F72C1311E200A16E64 /* NoInternetView.swift */,
				06C0D5F32C130DD700A16E64 /* AppearanceMode.swift */,
				06593DD42C0F84F300CD8EC8 /* IntroductionView.swift */,
				06AB7F6C2C0B37C100459A9E /* Media Match */,
				06AB7F7D2C0B37C200459A9E /* Media MatchTests */,
				06AB7F872C0B37C200459A9E /* Media MatchUITests */,
				06AB7F6B2C0B37C100459A9E /* Products */,
			);
			sourceTree = "<group>";
		};
		06AB7F6B2C0B37C100459A9E /* Products */ = {
			isa = PBXGroup;
			children = (
				06AB7F6A2C0B37C100459A9E /* Media Match.app */,
				06AB7F7A2C0B37C200459A9E /* Media MatchTests.xctest */,
				06AB7F842C0B37C200459A9E /* Media MatchUITests.xctest */,
			);
			name = Products;
			sourceTree = "<group>";
		};
		06AB7F6C2C0B37C100459A9E /* Media Match */ = {
			isa = PBXGroup;
			children = (
				060B3B912C11CEB800983A99 /* Match Views */,
				069BC9CE2C0D00B000A63DF1 /* MainView.swift */,
				06AB7F6D2C0B37C100459A9E /* Media_MatchApp.swift */,
				06AB7FB02C0B490600459A9E /* HomeView.swift */,
				06AB7F712C0B37C100459A9E /* Assets.xcassets */,
				06593DCF2C0F18EA00CD8EC8 /* Browsing Views */,
				069BC9C52C0CF8D500A63DF1 /* Friend System */,
				06AB7F972C0B385A00459A9E /* GoogleService-Info.plist */,
				067784F32C0E504D00032942 /* OnBoarding */,
				06AB7FB82C0B4ACF00459A9E /* Login Components */,
				06AB7F732C0B37C100459A9E /* Preview Content */,
			);
			path = "Media Match";
			sourceTree = "<group>";
		};
		06AB7F732C0B37C100459A9E /* Preview Content */ = {
			isa = PBXGroup;
			children = (
				06AB7F742C0B37C100459A9E /* Preview Assets.xcassets */,
			);
			path = "Preview Content";
			sourceTree = "<group>";
		};
		06AB7F7D2C0B37C200459A9E /* Media MatchTests */ = {
			isa = PBXGroup;
			children = (
				06AB7F7E2C0B37C200459A9E /* Media_MatchTests.swift */,
			);
			path = "Media MatchTests";
			sourceTree = "<group>";
		};
		06AB7F872C0B37C200459A9E /* Media MatchUITests */ = {
			isa = PBXGroup;
			children = (
				06AB7F882C0B37C200459A9E /* Media_MatchUITests.swift */,
				06AB7F8A2C0B37C200459A9E /* Media_MatchUITestsLaunchTests.swift */,
			);
			path = "Media MatchUITests";
			sourceTree = "<group>";
		};
		06AB7FB82C0B4ACF00459A9E /* Login Components */ = {
			isa = PBXGroup;
			children = (
				06B255962C0C75F70072D628 /* UserProfile.swift */,
				06B255982C0C76700072D628 /* UserProfileView.swift */,
				06AB7FB92C0B735000459A9E /* passwordResetView.swift */,
				06AB7FB22C0B493500459A9E /* StartView.swift */,
				06AB7FB42C0B49AC00459A9E /* AuthService.swift */,
				06AB7FB62C0B4A2500459A9E /* LoginView.swift */,
				06AB7FAE2C0B481400459A9E /* WelcomeView.swift */,
			);
			name = "Login Components";
			sourceTree = "<group>";
		};
/* End PBXGroup section */

/* Begin PBXNativeTarget section */
		06AB7F692C0B37C100459A9E /* Media Match */ = {
			isa = PBXNativeTarget;
			buildConfigurationList = 06AB7F8E2C0B37C200459A9E /* Build configuration list for PBXNativeTarget "Media Match" */;
			buildPhases = (
				06AB7F662C0B37C100459A9E /* Sources */,
				06AB7F672C0B37C100459A9E /* Frameworks */,
				06AB7F682C0B37C100459A9E /* Resources */,
			);
			buildRules = (
			);
			dependencies = (
			);
			name = "Media Match";
			packageProductDependencies = (
				06AB7F9A2C0B397A00459A9E /* FirebaseAnalytics */,
				06AB7F9C2C0B397A00459A9E /* FirebaseAnalyticsSwift */,
				06AB7F9E2C0B3A4F00459A9E /* FirebaseAuth */,
				06AB7FA02C0B3A4F00459A9E /* FirebaseCrashlytics */,
				06AB7FA22C0B3AF700459A9E /* FirebaseAnalyticsOnDeviceConversion */,
				06AB7FA52C0B3CD400459A9E /* GoogleSignIn */,
				06AB7FA72C0B3CD400459A9E /* GoogleSignInSwift */,
				06AB7FAC2C0B456300459A9E /* FirebaseAuthCombine-Community */,
				06B255922C0C749B0072D628 /* FirebaseFirestore */,
				06B255942C0C749B0072D628 /* FirebaseFirestoreSwift */,
				06B2559A2C0C84F30072D628 /* FirebaseStorage */,
				06B2559D2C0C90350072D628 /* SDWebImageSwiftUI */,
				06BC67D22C271D7000959C95 /* GoogleMobileAds */,
			);
			productName = "Media Match";
			productReference = 06AB7F6A2C0B37C100459A9E /* Media Match.app */;
			productType = "com.apple.product-type.application";
		};
		06AB7F792C0B37C200459A9E /* Media MatchTests */ = {
			isa = PBXNativeTarget;
			buildConfigurationList = 06AB7F912C0B37C200459A9E /* Build configuration list for PBXNativeTarget "Media MatchTests" */;
			buildPhases = (
				06AB7F762C0B37C200459A9E /* Sources */,
				06AB7F772C0B37C200459A9E /* Frameworks */,
				06AB7F782C0B37C200459A9E /* Resources */,
			);
			buildRules = (
			);
			dependencies = (
				06AB7F7C2C0B37C200459A9E /* PBXTargetDependency */,
			);
			name = "Media MatchTests";
			productName = "Media MatchTests";
			productReference = 06AB7F7A2C0B37C200459A9E /* Media MatchTests.xctest */;
			productType = "com.apple.product-type.bundle.unit-test";
		};
		06AB7F832C0B37C200459A9E /* Media MatchUITests */ = {
			isa = PBXNativeTarget;
			buildConfigurationList = 06AB7F942C0B37C200459A9E /* Build configuration list for PBXNativeTarget "Media MatchUITests" */;
			buildPhases = (
				06AB7F802C0B37C200459A9E /* Sources */,
				06AB7F812C0B37C200459A9E /* Frameworks */,
				06AB7F822C0B37C200459A9E /* Resources */,
			);
			buildRules = (
			);
			dependencies = (
				06AB7F862C0B37C200459A9E /* PBXTargetDependency */,
			);
			name = "Media MatchUITests";
			productName = "Media MatchUITests";
			productReference = 06AB7F842C0B37C200459A9E /* Media MatchUITests.xctest */;
			productType = "com.apple.product-type.bundle.ui-testing";
		};
/* End PBXNativeTarget section */

/* Begin PBXProject section */
		06AB7F622C0B37C100459A9E /* Project object */ = {
			isa = PBXProject;
			attributes = {
				BuildIndependentTargetsInParallel = 1;
				LastSwiftUpdateCheck = 1540;
				LastUpgradeCheck = 1540;
				TargetAttributes = {
					06AB7F692C0B37C100459A9E = {
						CreatedOnToolsVersion = 15.4;
					};
					06AB7F792C0B37C200459A9E = {
						CreatedOnToolsVersion = 15.4;
						TestTargetID = 06AB7F692C0B37C100459A9E;
					};
					06AB7F832C0B37C200459A9E = {
						CreatedOnToolsVersion = 15.4;
						TestTargetID = 06AB7F692C0B37C100459A9E;
					};
				};
			};
			buildConfigurationList = 06AB7F652C0B37C100459A9E /* Build configuration list for PBXProject "Media Match" */;
			compatibilityVersion = "Xcode 14.0";
			developmentRegion = en;
			hasScannedForEncodings = 0;
			knownRegions = (
				en,
				Base,
			);
			mainGroup = 06AB7F612C0B37C100459A9E;
			packageReferences = (
				06AB7F992C0B397A00459A9E /* XCRemoteSwiftPackageReference "firebase-ios-sdk" */,
				06AB7FA42C0B3CD400459A9E /* XCRemoteSwiftPackageReference "GoogleSignIn-iOS" */,
				06B2559C2C0C90350072D628 /* XCRemoteSwiftPackageReference "SDWebImageSwiftUI" */,
				06BC67D12C271D7000959C95 /* XCRemoteSwiftPackageReference "swift-package-manager-google-mobile-ads" */,
			);
			productRefGroup = 06AB7F6B2C0B37C100459A9E /* Products */;
			projectDirPath = "";
			projectRoot = "";
			targets = (
				06AB7F692C0B37C100459A9E /* Media Match */,
				06AB7F792C0B37C200459A9E /* Media MatchTests */,
				06AB7F832C0B37C200459A9E /* Media MatchUITests */,
			);
		};
/* End PBXProject section */

/* Begin PBXResourcesBuildPhase section */
		06AB7F682C0B37C100459A9E /* Resources */ = {
			isa = PBXResourcesBuildPhase;
			buildActionMask = 2147483647;
			files = (
				06AB7F752C0B37C100459A9E /* Preview Assets.xcassets in Resources */,
				06AB7F722C0B37C100459A9E /* Assets.xcassets in Resources */,
				06AB7F982C0B385A00459A9E /* GoogleService-Info.plist in Resources */,
			);
			runOnlyForDeploymentPostprocessing = 0;
		};
		06AB7F782C0B37C200459A9E /* Resources */ = {
			isa = PBXResourcesBuildPhase;
			buildActionMask = 2147483647;
			files = (
			);
			runOnlyForDeploymentPostprocessing = 0;
		};
		06AB7F822C0B37C200459A9E /* Resources */ = {
			isa = PBXResourcesBuildPhase;
			buildActionMask = 2147483647;
			files = (
			);
			runOnlyForDeploymentPostprocessing = 0;
		};
/* End PBXResourcesBuildPhase section */

/* Begin PBXSourcesBuildPhase section */
		06AB7F662C0B37C100459A9E /* Sources */ = {
			isa = PBXSourcesBuildPhase;
			buildActionMask = 2147483647;
			files = (
				060B3B932C11CEDC00983A99 /* Match Home View.swift in Sources */,
				06593DD52C0F84F300CD8EC8 /* IntroductionView.swift in Sources */,
				069BC9CD2C0CFC5A00A63DF1 /* FriendView.swift in Sources */,
				060B3B972C11F03500983A99 /* TvBrowse.swift in Sources */,
				06C7DD772C0E05AD0017601E /* MovieMatchView.swift in Sources */,
				06AB7F6E2C0B37C100459A9E /* Media_MatchApp.swift in Sources */,
				060B3B992C11F99000983A99 /* tvMatchView.swift in Sources */,
				06AB7FB32C0B493500459A9E /* StartView.swift in Sources */,
				06BC67D72C271F4B00959C95 /* bannerView.swift in Sources */,
				067784F72C0E508000032942 /* OnBoardingPage2.swift in Sources */,
				06AB7FBA2C0B735000459A9E /* passwordResetView.swift in Sources */,
				06AB7FB12C0B490600459A9E /* HomeView.swift in Sources */,
				06B255992C0C76700072D628 /* UserProfileView.swift in Sources */,
				06AB7FAF2C0B481400459A9E /* WelcomeView.swift in Sources */,
				067784F92C0E509000032942 /* OnBoardingPage3.swift in Sources */,
				06AB7FB72C0B4A2500459A9E /* LoginView.swift in Sources */,
				067784FB2C0E5A8F00032942 /* FeatureView.swift in Sources */,
				06593DD32C0F1A2200CD8EC8 /* MovieBrowse.swift in Sources */,
				06C0D5FA2C13129200A16E64 /* NoInternetOverlayModifier.swift in Sources */,
				06AB7FB52C0B49AC00459A9E /* AuthService.swift in Sources */,
				06C0D5F82C1311E200A16E64 /* NoInternetView.swift in Sources */,
				06B255972C0C75F70072D628 /* UserProfile.swift in Sources */,
				069BC9C72C0CF8F300A63DF1 /* Friend.swift in Sources */,
				069BC9CB2C0CF94900A63DF1 /* FriendRequestSystem.swift in Sources */,
				067784F22C0E4ED900032942 /* OnboardingView.swift in Sources */,
				06C0D5F62C1311C300A16E64 /* Network Monitor.swift in Sources */,
				069BC9CF2C0D00B000A63DF1 /* MainView.swift in Sources */,
				069BC9C92C0CF91600A63DF1 /* FriendRequest.swift in Sources */,
				060B3B952C11D15200983A99 /* Category_View.swift in Sources */,
				06C0D5F42C130DD700A16E64 /* AppearanceMode.swift in Sources */,
				067784F52C0E506C00032942 /* OnBoardingPage1.swift in Sources */,
			);
			runOnlyForDeploymentPostprocessing = 0;
		};
		06AB7F762C0B37C200459A9E /* Sources */ = {
			isa = PBXSourcesBuildPhase;
			buildActionMask = 2147483647;
			files = (
				06AB7F7F2C0B37C200459A9E /* Media_MatchTests.swift in Sources */,
			);
			runOnlyForDeploymentPostprocessing = 0;
		};
		06AB7F802C0B37C200459A9E /* Sources */ = {
			isa = PBXSourcesBuildPhase;
			buildActionMask = 2147483647;
			files = (
				06AB7F892C0B37C200459A9E /* Media_MatchUITests.swift in Sources */,
				06AB7F8B2C0B37C200459A9E /* Media_MatchUITestsLaunchTests.swift in Sources */,
			);
			runOnlyForDeploymentPostprocessing = 0;
		};
/* End PBXSourcesBuildPhase section */

/* Begin PBXTargetDependency section */
		06AB7F7C2C0B37C200459A9E /* PBXTargetDependency */ = {
			isa = PBXTargetDependency;
			target = 06AB7F692C0B37C100459A9E /* Media Match */;
			targetProxy = 06AB7F7B2C0B37C200459A9E /* PBXContainerItemProxy */;
		};
		06AB7F862C0B37C200459A9E /* PBXTargetDependency */ = {
			isa = PBXTargetDependency;
			target = 06AB7F692C0B37C100459A9E /* Media Match */;
			targetProxy = 06AB7F852C0B37C200459A9E /* PBXContainerItemProxy */;
		};
/* End PBXTargetDependency section */

/* Begin XCBuildConfiguration section */
		06AB7F8C2C0B37C200459A9E /* Debug */ = {
			isa = XCBuildConfiguration;
			buildSettings = {
				ALWAYS_SEARCH_USER_PATHS = NO;
				ASSETCATALOG_COMPILER_GENERATE_SWIFT_ASSET_SYMBOL_EXTENSIONS = YES;
				CLANG_ANALYZER_NONNULL = YES;
				CLANG_ANALYZER_NUMBER_OBJECT_CONVERSION = YES_AGGRESSIVE;
				CLANG_CXX_LANGUAGE_STANDARD = "gnu++20";
				CLANG_ENABLE_MODULES = YES;
				CLANG_ENABLE_OBJC_ARC = YES;
				CLANG_ENABLE_OBJC_WEAK = YES;
				CLANG_WARN_BLOCK_CAPTURE_AUTORELEASING = YES;
				CLANG_WARN_BOOL_CONVERSION = YES;
				CLANG_WARN_COMMA = YES;
				CLANG_WARN_CONSTANT_CONVERSION = YES;
				CLANG_WARN_DEPRECATED_OBJC_IMPLEMENTATIONS = YES;
				CLANG_WARN_DIRECT_OBJC_ISA_USAGE = YES_ERROR;
				CLANG_WARN_DOCUMENTATION_COMMENTS = YES;
				CLANG_WARN_EMPTY_BODY = YES;
				CLANG_WARN_ENUM_CONVERSION = YES;
				CLANG_WARN_INFINITE_RECURSION = YES;
				CLANG_WARN_INT_CONVERSION = YES;
				CLANG_WARN_NON_LITERAL_NULL_CONVERSION = YES;
				CLANG_WARN_OBJC_IMPLICIT_RETAIN_SELF = YES;
				CLANG_WARN_OBJC_LITERAL_CONVERSION = YES;
				CLANG_WARN_OBJC_ROOT_CLASS = YES_ERROR;
				CLANG_WARN_QUOTED_INCLUDE_IN_FRAMEWORK_HEADER = YES;
				CLANG_WARN_RANGE_LOOP_ANALYSIS = YES;
				CLANG_WARN_STRICT_PROTOTYPES = YES;
				CLANG_WARN_SUSPICIOUS_MOVE = YES;
				CLANG_WARN_UNGUARDED_AVAILABILITY = YES_AGGRESSIVE;
				CLANG_WARN_UNREACHABLE_CODE = YES;
				CLANG_WARN__DUPLICATE_METHOD_MATCH = YES;
				COPY_PHASE_STRIP = NO;
				DEBUG_INFORMATION_FORMAT = dwarf;
				ENABLE_STRICT_OBJC_MSGSEND = YES;
				ENABLE_TESTABILITY = YES;
				ENABLE_USER_SCRIPT_SANDBOXING = YES;
				GCC_C_LANGUAGE_STANDARD = gnu17;
				GCC_DYNAMIC_NO_PIC = NO;
				GCC_NO_COMMON_BLOCKS = YES;
				GCC_OPTIMIZATION_LEVEL = 0;
				GCC_PREPROCESSOR_DEFINITIONS = (
					"DEBUG=1",
					"$(inherited)",
				);
				GCC_WARN_64_TO_32_BIT_CONVERSION = YES;
				GCC_WARN_ABOUT_RETURN_TYPE = YES_ERROR;
				GCC_WARN_UNDECLARED_SELECTOR = YES;
				GCC_WARN_UNINITIALIZED_AUTOS = YES_AGGRESSIVE;
				GCC_WARN_UNUSED_FUNCTION = YES;
				GCC_WARN_UNUSED_VARIABLE = YES;
				IPHONEOS_DEPLOYMENT_TARGET = 17.5;
				LOCALIZATION_PREFERS_STRING_CATALOGS = YES;
				MTL_ENABLE_DEBUG_INFO = INCLUDE_SOURCE;
				MTL_FAST_MATH = YES;
				ONLY_ACTIVE_ARCH = YES;
				SDKROOT = iphoneos;
				SWIFT_ACTIVE_COMPILATION_CONDITIONS = "DEBUG $(inherited)";
				SWIFT_OPTIMIZATION_LEVEL = "-Onone";
			};
			name = Debug;
		};
		06AB7F8D2C0B37C200459A9E /* Release */ = {
			isa = XCBuildConfiguration;
			buildSettings = {
				ALWAYS_SEARCH_USER_PATHS = NO;
				ASSETCATALOG_COMPILER_GENERATE_SWIFT_ASSET_SYMBOL_EXTENSIONS = YES;
				CLANG_ANALYZER_NONNULL = YES;
				CLANG_ANALYZER_NUMBER_OBJECT_CONVERSION = YES_AGGRESSIVE;
				CLANG_CXX_LANGUAGE_STANDARD = "gnu++20";
				CLANG_ENABLE_MODULES = YES;
				CLANG_ENABLE_OBJC_ARC = YES;
				CLANG_ENABLE_OBJC_WEAK = YES;
				CLANG_WARN_BLOCK_CAPTURE_AUTORELEASING = YES;
				CLANG_WARN_BOOL_CONVERSION = YES;
				CLANG_WARN_COMMA = YES;
				CLANG_WARN_CONSTANT_CONVERSION = YES;
				CLANG_WARN_DEPRECATED_OBJC_IMPLEMENTATIONS = YES;
				CLANG_WARN_DIRECT_OBJC_ISA_USAGE = YES_ERROR;
				CLANG_WARN_DOCUMENTATION_COMMENTS = YES;
				CLANG_WARN_EMPTY_BODY = YES;
				CLANG_WARN_ENUM_CONVERSION = YES;
				CLANG_WARN_INFINITE_RECURSION = YES;
				CLANG_WARN_INT_CONVERSION = YES;
				CLANG_WARN_NON_LITERAL_NULL_CONVERSION = YES;
				CLANG_WARN_OBJC_IMPLICIT_RETAIN_SELF = YES;
				CLANG_WARN_OBJC_LITERAL_CONVERSION = YES;
				CLANG_WARN_OBJC_ROOT_CLASS = YES_ERROR;
				CLANG_WARN_QUOTED_INCLUDE_IN_FRAMEWORK_HEADER = YES;
				CLANG_WARN_RANGE_LOOP_ANALYSIS = YES;
				CLANG_WARN_STRICT_PROTOTYPES = YES;
				CLANG_WARN_SUSPICIOUS_MOVE = YES;
				CLANG_WARN_UNGUARDED_AVAILABILITY = YES_AGGRESSIVE;
				CLANG_WARN_UNREACHABLE_CODE = YES;
				CLANG_WARN__DUPLICATE_METHOD_MATCH = YES;
				COPY_PHASE_STRIP = NO;
				DEBUG_INFORMATION_FORMAT = "dwarf-with-dsym";
				ENABLE_NS_ASSERTIONS = NO;
				ENABLE_STRICT_OBJC_MSGSEND = YES;
				ENABLE_USER_SCRIPT_SANDBOXING = YES;
				GCC_C_LANGUAGE_STANDARD = gnu17;
				GCC_NO_COMMON_BLOCKS = YES;
				GCC_WARN_64_TO_32_BIT_CONVERSION = YES;
				GCC_WARN_ABOUT_RETURN_TYPE = YES_ERROR;
				GCC_WARN_UNDECLARED_SELECTOR = YES;
				GCC_WARN_UNINITIALIZED_AUTOS = YES_AGGRESSIVE;
				GCC_WARN_UNUSED_FUNCTION = YES;
				GCC_WARN_UNUSED_VARIABLE = YES;
				IPHONEOS_DEPLOYMENT_TARGET = 17.5;
				LOCALIZATION_PREFERS_STRING_CATALOGS = YES;
				MTL_ENABLE_DEBUG_INFO = NO;
				MTL_FAST_MATH = YES;
				SDKROOT = iphoneos;
				SWIFT_COMPILATION_MODE = wholemodule;
				VALIDATE_PRODUCT = YES;
			};
			name = Release;
		};
		06AB7F8F2C0B37C200459A9E /* Debug */ = {
			isa = XCBuildConfiguration;
			buildSettings = {
				ASSETCATALOG_COMPILER_APPICON_NAME = AppIcon;
				ASSETCATALOG_COMPILER_GLOBAL_ACCENT_COLOR_NAME = AccentColor;
				CODE_SIGN_ENTITLEMENTS = "Media Match/Media Match.entitlements";
				CODE_SIGN_IDENTITY = "Apple Development";
				CODE_SIGN_STYLE = Automatic;
				CURRENT_PROJECT_VERSION = 1;
				DEVELOPMENT_ASSET_PATHS = "\"Media Match/Preview Content\"";
				DEVELOPMENT_TEAM = FTC4MXFMA7;
				ENABLE_PREVIEWS = YES;
				GENERATE_INFOPLIST_FILE = YES;
				INFOPLIST_FILE = "Media-Match-Info.plist";
				INFOPLIST_KEY_UIApplicationSceneManifest_Generation = YES;
				INFOPLIST_KEY_UIApplicationSupportsIndirectInputEvents = YES;
				INFOPLIST_KEY_UILaunchScreen_Generation = YES;
				INFOPLIST_KEY_UISupportedInterfaceOrientations_iPad = "UIInterfaceOrientationPortrait UIInterfaceOrientationPortraitUpsideDown UIInterfaceOrientationLandscapeLeft UIInterfaceOrientationLandscapeRight";
				INFOPLIST_KEY_UISupportedInterfaceOrientations_iPhone = "UIInterfaceOrientationPortrait UIInterfaceOrientationLandscapeLeft UIInterfaceOrientationLandscapeRight";
				LD_RUNPATH_SEARCH_PATHS = (
					"$(inherited)",
					"@executable_path/Frameworks",
				);
				MARKETING_VERSION = 1.0;
				PRODUCT_BUNDLE_IDENTIFIER = "name.adambyford.Media-Match";
				PRODUCT_NAME = "$(TARGET_NAME)";
				PROVISIONING_PROFILE_SPECIFIER = "";
				SUPPORTED_PLATFORMS = "iphoneos iphonesimulator";
				SUPPORTS_MACCATALYST = NO;
				SUPPORTS_MAC_DESIGNED_FOR_IPHONE_IPAD = NO;
				SUPPORTS_XR_DESIGNED_FOR_IPHONE_IPAD = NO;
				SWIFT_EMIT_LOC_STRINGS = YES;
				SWIFT_VERSION = 5.0;
				TARGETED_DEVICE_FAMILY = "1,2";
			};
			name = Debug;
		};
		06AB7F902C0B37C200459A9E /* Release */ = {
			isa = XCBuildConfiguration;
			buildSettings = {
				ASSETCATALOG_COMPILER_APPICON_NAME = AppIcon;
				ASSETCATALOG_COMPILER_GLOBAL_ACCENT_COLOR_NAME = AccentColor;
				CODE_SIGN_ENTITLEMENTS = "Media Match/Media Match.entitlements";
				CODE_SIGN_IDENTITY = "Apple Development";
				CODE_SIGN_STYLE = Automatic;
				CURRENT_PROJECT_VERSION = 1;
				DEVELOPMENT_ASSET_PATHS = "\"Media Match/Preview Content\"";
				DEVELOPMENT_TEAM = FTC4MXFMA7;
				ENABLE_PREVIEWS = YES;
				GENERATE_INFOPLIST_FILE = YES;
				INFOPLIST_FILE = "Media-Match-Info.plist";
				INFOPLIST_KEY_UIApplicationSceneManifest_Generation = YES;
				INFOPLIST_KEY_UIApplicationSupportsIndirectInputEvents = YES;
				INFOPLIST_KEY_UILaunchScreen_Generation = YES;
				INFOPLIST_KEY_UISupportedInterfaceOrientations_iPad = "UIInterfaceOrientationPortrait UIInterfaceOrientationPortraitUpsideDown UIInterfaceOrientationLandscapeLeft UIInterfaceOrientationLandscapeRight";
				INFOPLIST_KEY_UISupportedInterfaceOrientations_iPhone = "UIInterfaceOrientationPortrait UIInterfaceOrientationLandscapeLeft UIInterfaceOrientationLandscapeRight";
				LD_RUNPATH_SEARCH_PATHS = (
					"$(inherited)",
					"@executable_path/Frameworks",
				);
				MARKETING_VERSION = 1.0;
				PRODUCT_BUNDLE_IDENTIFIER = "name.adambyford.Media-Match";
				PRODUCT_NAME = "$(TARGET_NAME)";
				PROVISIONING_PROFILE_SPECIFIER = "";
				SUPPORTED_PLATFORMS = "iphoneos iphonesimulator";
				SUPPORTS_MACCATALYST = NO;
				SUPPORTS_MAC_DESIGNED_FOR_IPHONE_IPAD = NO;
				SUPPORTS_XR_DESIGNED_FOR_IPHONE_IPAD = NO;
				SWIFT_EMIT_LOC_STRINGS = YES;
				SWIFT_VERSION = 5.0;
				TARGETED_DEVICE_FAMILY = "1,2";
			};
			name = Release;
		};
		06AB7F922C0B37C200459A9E /* Debug */ = {
			isa = XCBuildConfiguration;
			buildSettings = {
				ALWAYS_EMBED_SWIFT_STANDARD_LIBRARIES = YES;
				BUNDLE_LOADER = "$(TEST_HOST)";
				CODE_SIGN_STYLE = Automatic;
				CURRENT_PROJECT_VERSION = 1;
				GENERATE_INFOPLIST_FILE = YES;
				IPHONEOS_DEPLOYMENT_TARGET = 17.5;
				MARKETING_VERSION = 1.0;
				PRODUCT_BUNDLE_IDENTIFIER = "name.adambyford.Media-MatchTests";
				PRODUCT_NAME = "$(TARGET_NAME)";
				SWIFT_EMIT_LOC_STRINGS = NO;
				SWIFT_VERSION = 5.0;
				TARGETED_DEVICE_FAMILY = "1,2";
				TEST_HOST = "$(BUILT_PRODUCTS_DIR)/Media Match.app/$(BUNDLE_EXECUTABLE_FOLDER_PATH)/Media Match";
			};
			name = Debug;
		};
		06AB7F932C0B37C200459A9E /* Release */ = {
			isa = XCBuildConfiguration;
			buildSettings = {
				ALWAYS_EMBED_SWIFT_STANDARD_LIBRARIES = YES;
				BUNDLE_LOADER = "$(TEST_HOST)";
				CODE_SIGN_STYLE = Automatic;
				CURRENT_PROJECT_VERSION = 1;
				GENERATE_INFOPLIST_FILE = YES;
				IPHONEOS_DEPLOYMENT_TARGET = 17.5;
				MARKETING_VERSION = 1.0;
				PRODUCT_BUNDLE_IDENTIFIER = "name.adambyford.Media-MatchTests";
				PRODUCT_NAME = "$(TARGET_NAME)";
				SWIFT_EMIT_LOC_STRINGS = NO;
				SWIFT_VERSION = 5.0;
				TARGETED_DEVICE_FAMILY = "1,2";
				TEST_HOST = "$(BUILT_PRODUCTS_DIR)/Media Match.app/$(BUNDLE_EXECUTABLE_FOLDER_PATH)/Media Match";
			};
			name = Release;
		};
		06AB7F952C0B37C200459A9E /* Debug */ = {
			isa = XCBuildConfiguration;
			buildSettings = {
				ALWAYS_EMBED_SWIFT_STANDARD_LIBRARIES = YES;
				CODE_SIGN_STYLE = Automatic;
				CURRENT_PROJECT_VERSION = 1;
				GENERATE_INFOPLIST_FILE = YES;
				MARKETING_VERSION = 1.0;
				PRODUCT_BUNDLE_IDENTIFIER = "name.adambyford.Media-MatchUITests";
				PRODUCT_NAME = "$(TARGET_NAME)";
				SWIFT_EMIT_LOC_STRINGS = NO;
				SWIFT_VERSION = 5.0;
				TARGETED_DEVICE_FAMILY = "1,2";
				TEST_TARGET_NAME = "Media Match";
			};
			name = Debug;
		};
		06AB7F962C0B37C200459A9E /* Release */ = {
			isa = XCBuildConfiguration;
			buildSettings = {
				ALWAYS_EMBED_SWIFT_STANDARD_LIBRARIES = YES;
				CODE_SIGN_STYLE = Automatic;
				CURRENT_PROJECT_VERSION = 1;
				GENERATE_INFOPLIST_FILE = YES;
				MARKETING_VERSION = 1.0;
				PRODUCT_BUNDLE_IDENTIFIER = "name.adambyford.Media-MatchUITests";
				PRODUCT_NAME = "$(TARGET_NAME)";
				SWIFT_EMIT_LOC_STRINGS = NO;
				SWIFT_VERSION = 5.0;
				TARGETED_DEVICE_FAMILY = "1,2";
				TEST_TARGET_NAME = "Media Match";
			};
			name = Release;
		};
/* End XCBuildConfiguration section */

/* Begin XCConfigurationList section */
		06AB7F652C0B37C100459A9E /* Build configuration list for PBXProject "Media Match" */ = {
			isa = XCConfigurationList;
			buildConfigurations = (
				06AB7F8C2C0B37C200459A9E /* Debug */,
				06AB7F8D2C0B37C200459A9E /* Release */,
			);
			defaultConfigurationIsVisible = 0;
			defaultConfigurationName = Release;
		};
		06AB7F8E2C0B37C200459A9E /* Build configuration list for PBXNativeTarget "Media Match" */ = {
			isa = XCConfigurationList;
			buildConfigurations = (
				06AB7F8F2C0B37C200459A9E /* Debug */,
				06AB7F902C0B37C200459A9E /* Release */,
			);
			defaultConfigurationIsVisible = 0;
			defaultConfigurationName = Release;
		};
		06AB7F912C0B37C200459A9E /* Build configuration list for PBXNativeTarget "Media MatchTests" */ = {
			isa = XCConfigurationList;
			buildConfigurations = (
				06AB7F922C0B37C200459A9E /* Debug */,
				06AB7F932C0B37C200459A9E /* Release */,
			);
			defaultConfigurationIsVisible = 0;
			defaultConfigurationName = Release;
		};
		06AB7F942C0B37C200459A9E /* Build configuration list for PBXNativeTarget "Media MatchUITests" */ = {
			isa = XCConfigurationList;
			buildConfigurations = (
				06AB7F952C0B37C200459A9E /* Debug */,
				06AB7F962C0B37C200459A9E /* Release */,
			);
			defaultConfigurationIsVisible = 0;
			defaultConfigurationName = Release;
		};
/* End XCConfigurationList section */

/* Begin XCRemoteSwiftPackageReference section */
		06AB7F992C0B397A00459A9E /* XCRemoteSwiftPackageReference "firebase-ios-sdk" */ = {
			isa = XCRemoteSwiftPackageReference;
			repositoryURL = "https://github.com/firebase/firebase-ios-sdk";
			requirement = {
				kind = upToNextMajorVersion;
				minimumVersion = 10.27.0;
			};
		};
		06AB7FA42C0B3CD400459A9E /* XCRemoteSwiftPackageReference "GoogleSignIn-iOS" */ = {
			isa = XCRemoteSwiftPackageReference;
			repositoryURL = "https://github.com/google/GoogleSignIn-iOS";
			requirement = {
				kind = exactVersion;
				version = 6.2.4;
			};
		};
		06B2559C2C0C90350072D628 /* XCRemoteSwiftPackageReference "SDWebImageSwiftUI" */ = {
			isa = XCRemoteSwiftPackageReference;
			repositoryURL = "https://github.com/SDWebImage/SDWebImageSwiftUI.git";
			requirement = {
				kind = upToNextMajorVersion;
				minimumVersion = 3.0.4;
			};
		};
		06BC67D12C271D7000959C95 /* XCRemoteSwiftPackageReference "swift-package-manager-google-mobile-ads" */ = {
			isa = XCRemoteSwiftPackageReference;
			repositoryURL = "https://github.com/googleads/swift-package-manager-google-mobile-ads";
			requirement = {
				kind = upToNextMajorVersion;
				minimumVersion = 11.6.0;
			};
		};
/* End XCRemoteSwiftPackageReference section */

/* Begin XCSwiftPackageProductDependency section */
		06AB7F9A2C0B397A00459A9E /* FirebaseAnalytics */ = {
			isa = XCSwiftPackageProductDependency;
			package = 06AB7F992C0B397A00459A9E /* XCRemoteSwiftPackageReference "firebase-ios-sdk" */;
			productName = FirebaseAnalytics;
		};
		06AB7F9C2C0B397A00459A9E /* FirebaseAnalyticsSwift */ = {
			isa = XCSwiftPackageProductDependency;
			package = 06AB7F992C0B397A00459A9E /* XCRemoteSwiftPackageReference "firebase-ios-sdk" */;
			productName = FirebaseAnalyticsSwift;
		};
		06AB7F9E2C0B3A4F00459A9E /* FirebaseAuth */ = {
			isa = XCSwiftPackageProductDependency;
			package = 06AB7F992C0B397A00459A9E /* XCRemoteSwiftPackageReference "firebase-ios-sdk" */;
			productName = FirebaseAuth;
		};
		06AB7FA02C0B3A4F00459A9E /* FirebaseCrashlytics */ = {
			isa = XCSwiftPackageProductDependency;
			package = 06AB7F992C0B397A00459A9E /* XCRemoteSwiftPackageReference "firebase-ios-sdk" */;
			productName = FirebaseCrashlytics;
		};
		06AB7FA22C0B3AF700459A9E /* FirebaseAnalyticsOnDeviceConversion */ = {
			isa = XCSwiftPackageProductDependency;
			package = 06AB7F992C0B397A00459A9E /* XCRemoteSwiftPackageReference "firebase-ios-sdk" */;
			productName = FirebaseAnalyticsOnDeviceConversion;
		};
		06AB7FA52C0B3CD400459A9E /* GoogleSignIn */ = {
			isa = XCSwiftPackageProductDependency;
			package = 06AB7FA42C0B3CD400459A9E /* XCRemoteSwiftPackageReference "GoogleSignIn-iOS" */;
			productName = GoogleSignIn;
		};
		06AB7FA72C0B3CD400459A9E /* GoogleSignInSwift */ = {
			isa = XCSwiftPackageProductDependency;
			package = 06AB7FA42C0B3CD400459A9E /* XCRemoteSwiftPackageReference "GoogleSignIn-iOS" */;
			productName = GoogleSignInSwift;
		};
		06AB7FAC2C0B456300459A9E /* FirebaseAuthCombine-Community */ = {
			isa = XCSwiftPackageProductDependency;
			package = 06AB7F992C0B397A00459A9E /* XCRemoteSwiftPackageReference "firebase-ios-sdk" */;
			productName = "FirebaseAuthCombine-Community";
		};
		06B255922C0C749B0072D628 /* FirebaseFirestore */ = {
			isa = XCSwiftPackageProductDependency;
			package = 06AB7F992C0B397A00459A9E /* XCRemoteSwiftPackageReference "firebase-ios-sdk" */;
			productName = FirebaseFirestore;
		};
		06B255942C0C749B0072D628 /* FirebaseFirestoreSwift */ = {
			isa = XCSwiftPackageProductDependency;
			package = 06AB7F992C0B397A00459A9E /* XCRemoteSwiftPackageReference "firebase-ios-sdk" */;
			productName = FirebaseFirestoreSwift;
		};
		06B2559A2C0C84F30072D628 /* FirebaseStorage */ = {
			isa = XCSwiftPackageProductDependency;
			package = 06AB7F992C0B397A00459A9E /* XCRemoteSwiftPackageReference "firebase-ios-sdk" */;
			productName = FirebaseStorage;
		};
		06B2559D2C0C90350072D628 /* SDWebImageSwiftUI */ = {
			isa = XCSwiftPackageProductDependency;
			package = 06B2559C2C0C90350072D628 /* XCRemoteSwiftPackageReference "SDWebImageSwiftUI" */;
			productName = SDWebImageSwiftUI;
		};
		06BC67D22C271D7000959C95 /* GoogleMobileAds */ = {
			isa = XCSwiftPackageProductDependency;
			package = 06BC67D12C271D7000959C95 /* XCRemoteSwiftPackageReference "swift-package-manager-google-mobile-ads" */;
			productName = GoogleMobileAds;
		};
/* End XCSwiftPackageProductDependency section */
	};
	rootObject = 06AB7F622C0B37C100459A9E /* Project object */;
}
